
Microsoft Visual Studio Solution File, Format Version 12.00
# Visual Studio Version 16
VisualStudioVersion = 16.0.32428.217
MinimumVisualStudioVersion = 10.0.40219.1
Project("{FAE04EC0-301F-11D3-BF4B-00C04F79EFBC}") = "Pilas", "Pilas.csproj", "{CFB836F8-9BEC-48DE-8C8B-4FD2BA7257F8}"
EndProject
Global
	GlobalSection(SolutionConfigurationPlatforms) = preSolution
		Debug|Any CPU = Debug|Any CPU
		Release|Any CPU = Release|Any CPU
	EndGlobalSection
	GlobalSection(ProjectConfigurationPlatforms) = postSolution
		{CFB836F8-9BEC-48DE-8C8B-4FD2BA7257F8}.Debug|Any CPU.ActiveCfg = Debug|Any CPU
		{CFB836F8-9BEC-48DE-8C8B-4FD2BA7257F8}.Debug|Any CPU.Build.0 = Debug|Any CPU
		{CFB836F8-9BEC-48DE-8C8B-4FD2BA7257F8}.Release|Any CPU.ActiveCfg = Release|Any CPU
		{CFB836F8-9BEC-48DE-8C8B-4FD2BA7257F8}.Release|Any CPU.Build.0 = Release|Any CPU
	EndGlobalSection
	GlobalSection(SolutionProperties) = preSolution
		HideSolutionNode = FALSE
	EndGlobalSection
	GlobalSection(ExtensibilityGlobals) = postSolution
		SolutionGuid = {64457A16-E77D-42E8-9988-49BD149803DF}
	EndGlobalSection
EndGlobal
